
Microsoft Visual Studio Solution File, Format Version 12.00
# Visual Studio Version 17
VisualStudioVersion = 17.11.35312.102
MinimumVisualStudioVersion = 10.0.40219.1
Project("{FAE04EC0-301F-11D3-BF4B-00C04F79EFBC}") = "CheckersGameAPI", "CheckersGameAPI\CheckersGameAPI.csproj", "{8E1FB99C-AB67-4F18-8283-37D726C0390C}"
EndProject
Global
	GlobalSection(SolutionConfigurationPlatforms) = preSolution
		Debug|Any CPU = Debug|Any CPU
		Release|Any CPU = Release|Any CPU
	EndGlobalSection
	GlobalSection(ProjectConfigurationPlatforms) = postSolution
		{8E1FB99C-AB67-4F18-8283-37D726C0390C}.Debug|Any CPU.ActiveCfg = Debug|Any CPU
		{8E1FB99C-AB67-4F18-8283-37D726C0390C}.Debug|Any CPU.Build.0 = Debug|Any CPU
		{8E1FB99C-AB67-4F18-8283-37D726C0390C}.Release|Any CPU.ActiveCfg = Release|Any CPU
		{8E1FB99C-AB67-4F18-8283-37D726C0390C}.Release|Any CPU.Build.0 = Release|Any CPU
	EndGlobalSection
	GlobalSection(SolutionProperties) = preSolution
		HideSolutionNode = FALSE
	EndGlobalSection
	GlobalSection(ExtensibilityGlobals) = postSolution
		SolutionGuid = {8B29AA6C-E5D3-4A3F-A99C-8F3919013312}
	EndGlobalSection
EndGlobal
